Microsoft Visual Studio Solution File, Format Version 12.00
# Visual Studio Version 16
VisualStudioVersion = 16.0.29230.47
MinimumVisualStudioVersion = 10.0.40219.1
Project("{8BC9CEB8-8B4A-11D0-8D11-00A0C91BC942}") = "ChakraCore.Debugger.ProtocolHandler", "lib\Debugger.ProtocolHandler\ChakraCore.Debugger.ProtocolHandler.vcxproj", "{AC43259C-97CB-43C1-9B56-983CA31ED5D2}"
EndProject
Project("{8BC9CEB8-8B4A-11D0-8D11-00A0C91BC942}") = "ChakraCore.Debugger.Service", "lib\Debugger.Service\ChakraCore.Debugger.Service.vcxproj", "{00DCEE8F-721A-4C93-89CB-F5A79E387912}"
EndProject
Project("{8BC9CEB8-8B4A-11D0-8D11-00A0C91BC942}") = "ChakraCore.Debugger.Sample", "bin\Debugger.Sample\ChakraCore.Debugger.Sample.vcxproj", "{FD3AAF0F-CCF2-4D7B-AF34-1AD7D87944DC}"
EndProject
Project("{2150E333-8FDC-42A3-9474-1A3956D46DE8}") = "bin", "bin", "{5D5A0A19-B133-49F3-9ABB-A0943D81BF45}"
EndProject
Project("{2150E333-8FDC-42A3-9474-1A3956D46DE8}") = "lib", "lib", "{2ACDA3C4-5AD5-4ABB-AB69-2530AC403613}"
EndProject
Project("{8BC9CEB8-8B4A-11D0-8D11-00A0C91BC942}") = "ChakraCore.Debugger.Protocol", "lib\Debugger.Protocol\ChakraCore.Debugger.Protocol.vcxproj", "{D9714E79-129C-4ED7-BEBE-7F2E8DC4E2A5}"
EndProject
Project("{2150E333-8FDC-42A3-9474-1A3956D46DE8}") = "PropertySheets", "PropertySheets", "{565022AE-8DB2-4646-BD0E-C25019D241A3}"
	ProjectSection(SolutionItems) = preProject
		PropertySheets\ARM.props = PropertySheets\ARM.props
		PropertySheets\Chakra.Cpp.props = PropertySheets\Chakra.Cpp.props
		PropertySheets\Debug.props = PropertySheets\Debug.props
		PropertySheets\Release.props = PropertySheets\Release.props
		PropertySheets\Win32.props = PropertySheets\Win32.props
		PropertySheets\x64.props = PropertySheets\x64.props
		PropertySheets\x86.props = PropertySheets\x86.props
	EndProjectSection
EndProject
Project("{2150E333-8FDC-42A3-9474-1A3956D46DE8}") = "NuGet", "NuGet", "{F0BB2163-D0AA-4DF2-8245-7AF1130D5833}"
	ProjectSection(SolutionItems) = preProject
		NuGet\Microsoft.ChakraCore.Debugger.nuspec = NuGet\Microsoft.ChakraCore.Debugger.nuspec
		NuGet\Microsoft.ChakraCore.Debugger.targets = NuGet\Microsoft.ChakraCore.Debugger.targets
	EndProjectSection
EndProject
Project("{2150E333-8FDC-42A3-9474-1A3956D46DE8}") = "test", "test", "{AAF5848E-B8BE-4A5F-96B5-39AEAFFB66DC}"
EndProject
Project("{8BC9CEB8-8B4A-11D0-8D11-00A0C91BC942}") = "ChakraCore.Debugger.UnitTests", "test\Debugger.UnitTests\ChakraCore.Debugger.UnitTests.vcxproj", "{31A9E08C-8DCA-4B59-B79F-E3CB686495EA}"
EndProject
Project("{2150E333-8FDC-42A3-9474-1A3956D46DE8}") = "Solution Items", "Solution Items", "{1E5CC105-78BE-4E61-9B02-D6E3780D121F}"
	ProjectSection(SolutionItems) = preProject
		Directory.Build.props = Directory.Build.props
		Directory.Build.targets = Directory.Build.targets
	EndProjectSection
EndProject
Project("{8BC9CEB8-8B4A-11D0-8D11-00A0C91BC942}") = "ChakraCore.Debugger.DLL", "bin\Debugger.DLL\ChakraCore.Debugger.DLL.vcxproj", "{CE87B5B2-1245-4283-92B9-3EC0699D9A2C}"
EndProject
Global
	GlobalSection(SolutionConfigurationPlatforms) = preSolution
		Debug|x64 = Debug|x64
		Debug|x86 = Debug|x86
		Debug|ARM = Debug|ARM
		Release|x64 = Release|x64
		Release|x86 = Release|x86
		Release|ARM = Release|ARM
	EndGlobalSection
	GlobalSection(ProjectConfigurationPlatforms) = postSolution
		{AC43259C-97CB-43C1-9B56-983CA31ED5D2}.Debug|ARM.ActiveCfg = Debug|ARM
		{AC43259C-97CB-43C1-9B56-983CA31ED5D2}.Debug|ARM.Build.0 = Debug|ARM
		{AC43259C-97CB-43C1-9B56-983CA31ED5D2}.Debug|x64.ActiveCfg = Debug|x64
		{AC43259C-97CB-43C1-9B56-983CA31ED5D2}.Debug|x64.Build.0 = Debug|x64
		{AC43259C-97CB-43C1-9B56-983CA31ED5D2}.Debug|x86.ActiveCfg = Debug|Win32
		{AC43259C-97CB-43C1-9B56-983CA31ED5D2}.Debug|x86.Build.0 = Debug|Win32
		{AC43259C-97CB-43C1-9B56-983CA31ED5D2}.Release|ARM.ActiveCfg = Release|ARM
		{AC43259C-97CB-43C1-9B56-983CA31ED5D2}.Release|ARM.Build.0 = Release|ARM
		{AC43259C-97CB-43C1-9B56-983CA31ED5D2}.Release|x64.ActiveCfg = Release|x64
		{AC43259C-97CB-43C1-9B56-983CA31ED5D2}.Release|x64.Build.0 = Release|x64
		{AC43259C-97CB-43C1-9B56-983CA31ED5D2}.Release|x86.ActiveCfg = Release|Win32
		{AC43259C-97CB-43C1-9B56-983CA31ED5D2}.Release|x86.Build.0 = Release|Win32
		{00DCEE8F-721A-4C93-89CB-F5A79E387912}.Debug|ARM.ActiveCfg = Debug|ARM
		{00DCEE8F-721A-4C93-89CB-F5A79E387912}.Debug|ARM.Build.0 = Debug|ARM
		{00DCEE8F-721A-4C93-89CB-F5A79E387912}.Debug|x64.ActiveCfg = Debug|x64
		{00DCEE8F-721A-4C93-89CB-F5A79E387912}.Debug|x64.Build.0 = Debug|x64
		{00DCEE8F-721A-4C93-89CB-F5A79E387912}.Debug|x86.ActiveCfg = Debug|Win32
		{00DCEE8F-721A-4C93-89CB-F5A79E387912}.Debug|x86.Build.0 = Debug|Win32
		{00DCEE8F-721A-4C93-89CB-F5A79E387912}.Release|ARM.ActiveCfg = Release|ARM
		{00DCEE8F-721A-4C93-89CB-F5A79E387912}.Release|ARM.Build.0 = Release|ARM
		{00DCEE8F-721A-4C93-89CB-F5A79E387912}.Release|x64.ActiveCfg = Release|x64
		{00DCEE8F-721A-4C93-89CB-F5A79E387912}.Release|x64.Build.0 = Release|x64
		{00DCEE8F-721A-4C93-89CB-F5A79E387912}.Release|x86.ActiveCfg = Release|Win32
		{00DCEE8F-721A-4C93-89CB-F5A79E387912}.Release|x86.Build.0 = Release|Win32
		{FD3AAF0F-CCF2-4D7B-AF34-1AD7D87944DC}.Debug|ARM.ActiveCfg = Debug|ARM
		{FD3AAF0F-CCF2-4D7B-AF34-1AD7D87944DC}.Debug|ARM.Build.0 = Debug|ARM
		{FD3AAF0F-CCF2-4D7B-AF34-1AD7D87944DC}.Debug|x64.ActiveCfg = Debug|x64
		{FD3AAF0F-CCF2-4D7B-AF34-1AD7D87944DC}.Debug|x64.Build.0 = Debug|x64
		{FD3AAF0F-CCF2-4D7B-AF34-1AD7D87944DC}.Debug|x86.ActiveCfg = Debug|Win32
		{FD3AAF0F-CCF2-4D7B-AF34-1AD7D87944DC}.Debug|x86.Build.0 = Debug|Win32
		{FD3AAF0F-CCF2-4D7B-AF34-1AD7D87944DC}.Release|ARM.ActiveCfg = Release|ARM
		{FD3AAF0F-CCF2-4D7B-AF34-1AD7D87944DC}.Release|ARM.Build.0 = Release|ARM
		{FD3AAF0F-CCF2-4D7B-AF34-1AD7D87944DC}.Release|x64.ActiveCfg = Release|x64
		{FD3AAF0F-CCF2-4D7B-AF34-1AD7D87944DC}.Release|x64.Build.0 = Release|x64
		{FD3AAF0F-CCF2-4D7B-AF34-1AD7D87944DC}.Release|x86.ActiveCfg = Release|Win32
		{FD3AAF0F-CCF2-4D7B-AF34-1AD7D87944DC}.Release|x86.Build.0 = Release|Win32
		{D9714E79-129C-4ED7-BEBE-7F2E8DC4E2A5}.Debug|ARM.ActiveCfg = Debug|ARM
		{D9714E79-129C-4ED7-BEBE-7F2E8DC4E2A5}.Debug|ARM.Build.0 = Debug|ARM
		{D9714E79-129C-4ED7-BEBE-7F2E8DC4E2A5}.Debug|x64.ActiveCfg = Debug|x64
		{D9714E79-129C-4ED7-BEBE-7F2E8DC4E2A5}.Debug|x64.Build.0 = Debug|x64
		{D9714E79-129C-4ED7-BEBE-7F2E8DC4E2A5}.Debug|x86.ActiveCfg = Debug|Win32
		{D9714E79-129C-4ED7-BEBE-7F2E8DC4E2A5}.Debug|x86.Build.0 = Debug|Win32
		{D9714E79-129C-4ED7-BEBE-7F2E8DC4E2A5}.Release|ARM.ActiveCfg = Release|ARM
		{D9714E79-129C-4ED7-BEBE-7F2E8DC4E2A5}.Release|ARM.Build.0 = Release|ARM
		{D9714E79-129C-4ED7-BEBE-7F2E8DC4E2A5}.Release|x64.ActiveCfg = Release|x64
		{D9714E79-129C-4ED7-BEBE-7F2E8DC4E2A5}.Release|x64.Build.0 = Release|x64
		{D9714E79-129C-4ED7-BEBE-7F2E8DC4E2A5}.Release|x86.ActiveCfg = Release|Win32
		{D9714E79-129C-4ED7-BEBE-7F2E8DC4E2A5}.Release|x86.Build.0 = Release|Win32
		{31A9E08C-8DCA-4B59-B79F-E3CB686495EA}.Debug|ARM.ActiveCfg = Debug|ARM
		{31A9E08C-8DCA-4B59-B79F-E3CB686495EA}.Debug|ARM.Build.0 = Debug|ARM
		{31A9E08C-8DCA-4B59-B79F-E3CB686495EA}.Debug|x64.ActiveCfg = Debug|x64
		{31A9E08C-8DCA-4B59-B79F-E3CB686495EA}.Debug|x64.Build.0 = Debug|x64
		{31A9E08C-8DCA-4B59-B79F-E3CB686495EA}.Debug|x86.ActiveCfg = Debug|Win32
		{31A9E08C-8DCA-4B59-B79F-E3CB686495EA}.Debug|x86.Build.0 = Debug|Win32
		{31A9E08C-8DCA-4B59-B79F-E3CB686495EA}.Release|ARM.ActiveCfg = Release|ARM
		{31A9E08C-8DCA-4B59-B79F-E3CB686495EA}.Release|ARM.Build.0 = Release|ARM
		{31A9E08C-8DCA-4B59-B79F-E3CB686495EA}.Release|x64.ActiveCfg = Release|x64
		{31A9E08C-8DCA-4B59-B79F-E3CB686495EA}.Release|x64.Build.0 = Release|x64
		{31A9E08C-8DCA-4B59-B79F-E3CB686495EA}.Release|x86.ActiveCfg = Release|Win32
		{31A9E08C-8DCA-4B59-B79F-E3CB686495EA}.Release|x86.Build.0 = Release|Win32
		{CE87B5B2-1245-4283-92B9-3EC0699D9A2C}.Debug|ARM.ActiveCfg = Debug|ARM
		{CE87B5B2-1245-4283-92B9-3EC0699D9A2C}.Debug|ARM.Build.0 = Debug|ARM
		{CE87B5B2-1245-4283-92B9-3EC0699D9A2C}.Debug|x64.ActiveCfg = Debug|x64
		{CE87B5B2-1245-4283-92B9-3EC0699D9A2C}.Debug|x64.Build.0 = Debug|x64
		{CE87B5B2-1245-4283-92B9-3EC0699D9A2C}.Debug|x86.ActiveCfg = Debug|Win32
		{CE87B5B2-1245-4283-92B9-3EC0699D9A2C}.Debug|x86.Build.0 = Debug|Win32
		{CE87B5B2-1245-4283-92B9-3EC0699D9A2C}.Release|ARM.ActiveCfg = Release|ARM
		{CE87B5B2-1245-4283-92B9-3EC0699D9A2C}.Release|ARM.Build.0 = Release|ARM
		{CE87B5B2-1245-4283-92B9-3EC0699D9A2C}.Release|x64.ActiveCfg = Release|x64
		{CE87B5B2-1245-4283-92B9-3EC0699D9A2C}.Release|x64.Build.0 = Release|x64
		{CE87B5B2-1245-4283-92B9-3EC0699D9A2C}.Release|x86.ActiveCfg = Release|Win32
		{CE87B5B2-1245-4283-92B9-3EC0699D9A2C}.Release|x86.Build.0 = Release|Win32
	EndGlobalSection
	GlobalSection(SolutionProperties) = preSolution
		HideSolutionNode = FALSE
	EndGlobalSection
	GlobalSection(NestedProjects) = preSolution
		{AC43259C-97CB-43C1-9B56-983CA31ED5D2} = {2ACDA3C4-5AD5-4ABB-AB69-2530AC403613}
		{00DCEE8F-721A-4C93-89CB-F5A79E387912} = {2ACDA3C4-5AD5-4ABB-AB69-2530AC403613}
		{FD3AAF0F-CCF2-4D7B-AF34-1AD7D87944DC} = {5D5A0A19-B133-49F3-9ABB-A0943D81BF45}
		{D9714E79-129C-4ED7-BEBE-7F2E8DC4E2A5} = {2ACDA3C4-5AD5-4ABB-AB69-2530AC403613}
		{31A9E08C-8DCA-4B59-B79F-E3CB686495EA} = {AAF5848E-B8BE-4A5F-96B5-39AEAFFB66DC}
		{CE87B5B2-1245-4283-92B9-3EC0699D9A2C} = {5D5A0A19-B133-49F3-9ABB-A0943D81BF45}
	EndGlobalSection
	GlobalSection(ExtensibilityGlobals) = postSolution
		SolutionGuid = {3A8402B2-70BA-4536-A879-04BB703D3D34}
	EndGlobalSection
EndGlobal
